
Microsoft Visual Studio Solution File, Format Version 12.00
# Visual Studio Version 17
VisualStudioVersion = 17.9.34714.143
MinimumVisualStudioVersion = 10.0.40219.1
Project("{FAE04EC0-301F-11D3-BF4B-00C04F79EFBC}") = "ToDoApp", "ToDoApp.csproj", "{F4195583-067A-46DB-9DA2-B8A8615A292B}"
EndProject
Global
	GlobalSection(SolutionConfigurationPlatforms) = preSolution
		Debug|Any CPU = Debug|Any CPU
		Release|Any CPU = Release|Any CPU
	EndGlobalSection
	GlobalSection(ProjectConfigurationPlatforms) = postSolution
		{F4195583-067A-46DB-9DA2-B8A8615A292B}.Debug|Any CPU.ActiveCfg = Debug|Any CPU
		{F4195583-067A-46DB-9DA2-B8A8615A292B}.Debug|Any CPU.Build.0 = Debug|Any CPU
		{F4195583-067A-46DB-9DA2-B8A8615A292B}.Release|Any CPU.ActiveCfg = Release|Any CPU
		{F4195583-067A-46DB-9DA2-B8A8615A292B}.Release|Any CPU.Build.0 = Release|Any CPU
	EndGlobalSection
	GlobalSection(SolutionProperties) = preSolution
		HideSolutionNode = FALSE
	EndGlobalSection
	GlobalSection(ExtensibilityGlobals) = postSolution
		SolutionGuid = {6DD6C9CA-53E8-4406-B8CB-010C0BF7B7B8}
	EndGlobalSection
EndGlobal
